
Microsoft Visual Studio Solution File, Format Version 12.00
# Visual Studio Version 16
VisualStudioVersion = 16.0.33328.57
MinimumVisualStudioVersion = 10.0.40219.1
Project("{FAE04EC0-301F-11D3-BF4B-00C04F79EFBC}") = "IMCHospital", "IMCHospital\IMCHospital.csproj", "{2835AACD-6984-47E4-8F4B-CBBCC810C73A}"
EndProject
Global
	GlobalSection(SolutionConfigurationPlatforms) = preSolution
		Debug|Any CPU = Debug|Any CPU
		Release|Any CPU = Release|Any CPU
	EndGlobalSection
	GlobalSection(ProjectConfigurationPlatforms) = postSolution
		{2835AACD-6984-47E4-8F4B-CBBCC810C73A}.Debug|Any CPU.ActiveCfg = Debug|Any CPU
		{2835AACD-6984-47E4-8F4B-CBBCC810C73A}.Debug|Any CPU.Build.0 = Debug|Any CPU
		{2835AACD-6984-47E4-8F4B-CBBCC810C73A}.Release|Any CPU.ActiveCfg = Release|Any CPU
		{2835AACD-6984-47E4-8F4B-CBBCC810C73A}.Release|Any CPU.Build.0 = Release|Any CPU
	EndGlobalSection
	GlobalSection(SolutionProperties) = preSolution
		HideSolutionNode = FALSE
	EndGlobalSection
	GlobalSection(ExtensibilityGlobals) = postSolution
		SolutionGuid = {331B7CB3-BFCE-4101-9284-FF416DF80896}
	EndGlobalSection
EndGlobal
